{
    "_readme": [
        "This file locks the dependencies of your project to a known state",
        "Read more about it at https://getcomposer.org/doc/01-basic-usage.md#installing-dependencies",
        "This file is @generated automatically"
    ],
    "content-hash": "eb23f703ce33bb3dbf3d1fef40c3616b",
    "packages": [
        {
            "name": "promphp/prometheus_client_php",
            "version": "v2.1.1",
            "source": {
                "type": "git",
                "url": "https://github.com/PromPHP/prometheus_client_php.git",
                "reference": "1f2e17ac7fb42a118263cad3447e613cf413cd0a"
            },
            "dist": {
                "type": "zip",
                "url": "https://api.github.com/repos/PromPHP/prometheus_client_php/zipball/1f2e17ac7fb42a118263cad3447e613cf413cd0a",
                "reference": "1f2e17ac7fb42a118263cad3447e613cf413cd0a",
                "shasum": ""
            },
            "require": {
                "ext-json": "*",
                "php": "^7.2",
                "symfony/polyfill-apcu": "^1.6"
            },
            "replace": {
                "endclothing/prometheus_client_php": "*",
                "jimdo/prometheus_client_php": "*",
                "lkaemmerling/prometheus_client_php": "*"
            },
            "require-dev": {
                "guzzlehttp/guzzle": "^6.3|^7.0",
                "phpstan/phpstan": "^0.12.48",
                "phpunit/phpunit": "^8.4",
                "squizlabs/php_codesniffer": "^3.5"
            },
            "suggest": {
                "ext-apc": "Required if using APCu.",
                "ext-redis": "Required if using Redis.",
                "promphp/prometheus_push_gateway_php": "An easy client for using Prometheus PushGateway."
            },
            "type": "library",
            "extra": {
                "branch-alias": {
                    "dev-master": "1.0-dev"
                }
            },
            "autoload": {
                "psr-4": {
                    "Prometheus\\": "src/Prometheus/"
                }
            },
            "notification-url": "https://packagist.org/downloads/",
            "license": [
                "Apache-2.0"
            ],
            "authors": [
                {
                    "name": "Lukas Kämmerling",
                    "email": "kontakt@lukas-kaemmerling.de"
                }
            ],
            "description": "Prometheus instrumentation library for PHP applications.",
            "time": "2020-10-08T04:00:26+00:00"
        },
        {
            "name": "symfony/polyfill-apcu",
            "version": "v1.18.1",
            "source": {
                "type": "git",
                "url": "https://github.com/symfony/polyfill-apcu.git",
                "reference": "f1d94a98e364f4b84252331a40cb7987b847e241"
            },
            "dist": {
                "type": "zip",
                "url": "https://api.github.com/repos/symfony/polyfill-apcu/zipball/f1d94a98e364f4b84252331a40cb7987b847e241",
                "reference": "f1d94a98e364f4b84252331a40cb7987b847e241",
                "shasum": ""
            },
            "require": {
                "php": ">=5.3.3"
            },
            "type": "library",
            "extra": {
                "branch-alias": {
                    "dev-master": "1.18-dev"
                },
                "thanks": {
                    "name": "symfony/polyfill",
                    "url": "https://github.com/symfony/polyfill"
                }
            },
            "autoload": {
                "psr-4": {
                    "Symfony\\Polyfill\\Apcu\\": ""
                },
                "files": [
                    "bootstrap.php"
                ]
            },
            "notification-url": "https://packagist.org/downloads/",
            "license": [
                "MIT"
            ],
            "authors": [
                {
                    "name": "Nicolas Grekas",
                    "email": "p@tchwork.com"
                },
                {
                    "name": "Symfony Community",
                    "homepage": "https://symfony.com/contributors"
                }
            ],
            "description": "Symfony polyfill backporting apcu_* functions to lower PHP versions",
            "homepage": "https://symfony.com",
            "keywords": [
                "apcu",
                "compatibility",
                "polyfill",
                "portable",
                "shim"
            ],
            "funding": [
                {
                    "url": "https://symfony.com/sponsor",
                    "type": "custom"
                },
                {
                    "url": "https://github.com/fabpot",
                    "type": "github"
                },
                {
                    "url": "https://tidelift.com/funding/github/packagist/symfony/symfony",
                    "type": "tidelift"
                }
            ],
            "time": "2020-07-14T12:35:20+00:00"
        }
    ],
    "packages-dev": [],
    "aliases": [],
    "minimum-stability": "stable",
    "stability-flags": [],
    "prefer-stable": false,
    "prefer-lowest": false,
    "platform": [],
    "platform-dev": [],
    "plugin-api-version": "1.1.0"
}
